
Microsoft Visual Studio Solution File, Format Version 12.00
# Visual Studio Version 17
VisualStudioVersion = 17.10.35013.160
MinimumVisualStudioVersion = 10.0.40219.1
Project("{FAE04EC0-301F-11D3-BF4B-00C04F79EFBC}") = "Catalog.Api", "Catalog.Api\Catalog.Api.csproj", "{1BC12542-2DA5-43FA-A6DC-0BDBDA39A590}"
EndProject
Project("{FAE04EC0-301F-11D3-BF4B-00C04F79EFBC}") = "Catalog.Tests", "Catalog.Tests\Catalog.Tests.csproj", "{650B4D05-5C2C-4A89-9638-461C5B18B167}"
EndProject
Global
	GlobalSection(SolutionConfigurationPlatforms) = preSolution
		Debug|Any CPU = Debug|Any CPU
		Release|Any CPU = Release|Any CPU
	EndGlobalSection
	GlobalSection(ProjectConfigurationPlatforms) = postSolution
		{1BC12542-2DA5-43FA-A6DC-0BDBDA39A590}.Debug|Any CPU.ActiveCfg = Debug|Any CPU
		{1BC12542-2DA5-43FA-A6DC-0BDBDA39A590}.Debug|Any CPU.Build.0 = Debug|Any CPU
		{1BC12542-2DA5-43FA-A6DC-0BDBDA39A590}.Release|Any CPU.ActiveCfg = Release|Any CPU
		{1BC12542-2DA5-43FA-A6DC-0BDBDA39A590}.Release|Any CPU.Build.0 = Release|Any CPU
		{650B4D05-5C2C-4A89-9638-461C5B18B167}.Debug|Any CPU.ActiveCfg = Debug|Any CPU
		{650B4D05-5C2C-4A89-9638-461C5B18B167}.Debug|Any CPU.Build.0 = Debug|Any CPU
		{650B4D05-5C2C-4A89-9638-461C5B18B167}.Release|Any CPU.ActiveCfg = Release|Any CPU
		{650B4D05-5C2C-4A89-9638-461C5B18B167}.Release|Any CPU.Build.0 = Release|Any CPU
	EndGlobalSection
	GlobalSection(SolutionProperties) = preSolution
		HideSolutionNode = FALSE
	EndGlobalSection
	GlobalSection(ExtensibilityGlobals) = postSolution
		SolutionGuid = {A0185E67-7C92-4B5C-A267-5552C7F82773}
	EndGlobalSection
EndGlobal
